# THIS IS AN AUTOGENERATED FILE. DO NOT EDIT THIS FILE DIRECTLY.
# yarn lockfile v1


"@esbuild/android-arm64@0.16.4":
  version "0.16.4"
  resolved "https://registry.yarnpkg.com/@esbuild/android-arm64/-/android-arm64-0.16.4.tgz#4b31b9e3da2e4c12a8170bd682f713c775f68ab1"
  integrity sha512-VPuTzXFm/m2fcGfN6CiwZTlLzxrKsWbPkG7ArRFpuxyaHUm/XFHQPD4xNwZT6uUmpIHhnSjcaCmcla8COzmZ5Q==

"@esbuild/android-arm@0.16.4":
  version "0.16.4"
  resolved "https://registry.yarnpkg.com/@esbuild/android-arm/-/android-arm-0.16.4.tgz#057d3e8b0ee41ff59386c33ba6dcf20f4bedd1f7"
  integrity sha512-rZzb7r22m20S1S7ufIc6DC6W659yxoOrl7sKP1nCYhuvUlnCFHVSbATG4keGUtV8rDz11sRRDbWkvQZpzPaHiw==

"@esbuild/android-x64@0.16.4":
  version "0.16.4"
  resolved "https://registry.yarnpkg.com/@esbuild/android-x64/-/android-x64-0.16.4.tgz#62ccab8ac1d3e6ef1df3fa2e1974bc2b8528d74a"
  integrity sha512-MW+B2O++BkcOfMWmuHXB15/l1i7wXhJFqbJhp82IBOais8RBEQv2vQz/jHrDEHaY2X0QY7Wfw86SBL2PbVOr0g==

"@esbuild/darwin-arm64@0.16.4":
  version "0.16.4"
  resolved "https://registry.yarnpkg.com/@esbuild/darwin-arm64/-/darwin-arm64-0.16.4.tgz#c19a6489d626c36fc611c85ccd8a3333c1f2a930"
  integrity sha512-a28X1O//aOfxwJVZVs7ZfM8Tyih2Za4nKJrBwW5Wm4yKsnwBy9aiS/xwpxiiTRttw3EaTg4Srerhcm6z0bu9Wg==

"@esbuild/darwin-x64@0.16.4":
  version "0.16.4"
  resolved "https://registry.yarnpkg.com/@esbuild/darwin-x64/-/darwin-x64-0.16.4.tgz#b726bbc84a1e277f6ec2509d10b8ee03f242b776"
  integrity sha512-e3doCr6Ecfwd7VzlaQqEPrnbvvPjE9uoTpxG5pyLzr2rI2NMjDHmvY1E5EO81O/e9TUOLLkXA5m6T8lfjK9yAA==

"@esbuild/freebsd-arm64@0.16.4":
  version "0.16.4"
  resolved "https://registry.yarnpkg.com/@esbuild/freebsd-arm64/-/freebsd-arm64-0.16.4.tgz#364568e6ca2901297f247de0681c9b14bbe658c8"
  integrity sha512-Oup3G/QxBgvvqnXWrBed7xxkFNwAwJVHZcklWyQt7YCAL5bfUkaa6FVWnR78rNQiM8MqqLiT6ZTZSdUFuVIg1w==

"@esbuild/freebsd-x64@0.16.4":
  version "0.16.4"
  resolved "https://registry.yarnpkg.com/@esbuild/freebsd-x64/-/freebsd-x64-0.16.4.tgz#44701ba4a5497ba64eec0a6c9e221d8f46a25e72"
  integrity sha512-vAP+eYOxlN/Bpo/TZmzEQapNS8W1njECrqkTpNgvXskkkJC2AwOXwZWai/Kc2vEFZUXQttx6UJbj9grqjD/+9Q==

"@esbuild/linux-arm64@0.16.4":
  version "0.16.4"
  resolved "https://registry.yarnpkg.com/@esbuild/linux-arm64/-/linux-arm64-0.16.4.tgz#b58fb418ec9ac714d8dbb38c787ff2441eb1d9db"
  integrity sha512-2zXoBhv4r5pZiyjBKrOdFP4CXOChxXiYD50LRUU+65DkdS5niPFHbboKZd/c81l0ezpw7AQnHeoCy5hFrzzs4g==

"@esbuild/linux-arm@0.16.4":
  version "0.16.4"
  resolved "https://registry.yarnpkg.com/@esbuild/linux-arm/-/linux-arm-0.16.4.tgz#b37f15ecddb53eeea466e5960e31a58f33e0e87e"
  integrity sha512-A47ZmtpIPyERxkSvIv+zLd6kNIOtJH03XA0Hy7jaceRDdQaQVGSDt4mZqpWqJYgDk9rg96aglbF6kCRvPGDSUA==

"@esbuild/linux-ia32@0.16.4":
  version "0.16.4"
  resolved "https://registry.yarnpkg.com/@esbuild/linux-ia32/-/linux-ia32-0.16.4.tgz#117e32a9680b5deac184ebee122f8575369fad1b"
  integrity sha512-uxdSrpe9wFhz4yBwt2kl2TxS/NWEINYBUFIxQtaEVtglm1eECvsj1vEKI0KX2k2wCe17zDdQ3v+jVxfwVfvvjw==

"@esbuild/linux-loong64@0.16.4":
  version "0.16.4"
  resolved "https://registry.yarnpkg.com/@esbuild/linux-loong64/-/linux-loong64-0.16.4.tgz#dd504fb83c280752d4b485d9acb3cf391cb7bf5b"
  integrity sha512-peDrrUuxbZ9Jw+DwLCh/9xmZAk0p0K1iY5d2IcwmnN+B87xw7kujOkig6ZRcZqgrXgeRGurRHn0ENMAjjD5DEg==

"@esbuild/linux-mips64el@0.16.4":
  version "0.16.4"
  resolved "https://registry.yarnpkg.com/@esbuild/linux-mips64el/-/linux-mips64el-0.16.4.tgz#9ab77e31cf3be1e35572afff94b51df8149d15bd"
  integrity sha512-sD9EEUoGtVhFjjsauWjflZklTNr57KdQ6xfloO4yH1u7vNQlOfAlhEzbyBKfgbJlW7rwXYBdl5/NcZ+Mg2XhQA==

"@esbuild/linux-ppc64@0.16.4":
  version "0.16.4"
  resolved "https://registry.yarnpkg.com/@esbuild/linux-ppc64/-/linux-ppc64-0.16.4.tgz#69d56c2a960808bee1c7b9b84a115220ec9ce05c"
  integrity sha512-X1HSqHUX9D+d0l6/nIh4ZZJ94eQky8d8z6yxAptpZE3FxCWYWvTDd9X9ST84MGZEJx04VYUD/AGgciddwO0b8g==

"@esbuild/linux-riscv64@0.16.4":
  version "0.16.4"
  resolved "https://registry.yarnpkg.com/@esbuild/linux-riscv64/-/linux-riscv64-0.16.4.tgz#9fc23583f4a1508a8d352bd376340e42217e8a90"
  integrity sha512-97ANpzyNp0GTXCt6SRdIx1ngwncpkV/z453ZuxbnBROCJ5p/55UjhbaG23UdHj88fGWLKPFtMoU4CBacz4j9FA==

"@esbuild/linux-s390x@0.16.4":
  version "0.16.4"
  resolved "https://registry.yarnpkg.com/@esbuild/linux-s390x/-/linux-s390x-0.16.4.tgz#4cae1f70ac2943f076dd130c3c80d28f57bf75d1"
  integrity sha512-pUvPQLPmbEeJRPjP0DYTC1vjHyhrnCklQmCGYbipkep+oyfTn7GTBJXoPodR7ZS5upmEyc8lzAkn2o29wD786A==

"@esbuild/linux-x64@0.16.4":
  version "0.16.4"
  resolved "https://registry.yarnpkg.com/@esbuild/linux-x64/-/linux-x64-0.16.4.tgz#fdf494de07cda23a2dc4b71ff1e0848e4ee6539c"
  integrity sha512-N55Q0mJs3Sl8+utPRPBrL6NLYZKBCLLx0bme/+RbjvMforTGGzFvsRl4xLTZMUBFC1poDzBEPTEu5nxizQ9Nlw==

"@esbuild/netbsd-x64@0.16.4":
  version "0.16.4"
  resolved "https://registry.yarnpkg.com/@esbuild/netbsd-x64/-/netbsd-x64-0.16.4.tgz#b59ecb49087119c575c0f64d7e66001d52799e24"
  integrity sha512-LHSJLit8jCObEQNYkgsDYBh2JrJT53oJO2HVdkSYLa6+zuLJh0lAr06brXIkljrlI+N7NNW1IAXGn/6IZPi3YQ==

"@esbuild/openbsd-x64@0.16.4":
  version "0.16.4"
  resolved "https://registry.yarnpkg.com/@esbuild/openbsd-x64/-/openbsd-x64-0.16.4.tgz#c51e36db875948b7b11d08bafa355605a1aa289c"
  integrity sha512-nLgdc6tWEhcCFg/WVFaUxHcPK3AP/bh+KEwKtl69Ay5IBqUwKDaq/6Xk0E+fh/FGjnLwqFSsarsbPHeKM8t8Sw==

"@esbuild/sunos-x64@0.16.4":
  version "0.16.4"
  resolved "https://registry.yarnpkg.com/@esbuild/sunos-x64/-/sunos-x64-0.16.4.tgz#0b50e941cd44f069e9f2573321aec984244ec228"
  integrity sha512-08SluG24GjPO3tXKk95/85n9kpyZtXCVwURR2i4myhrOfi3jspClV0xQQ0W0PYWHioJj+LejFMt41q+PG3mlAQ==

"@esbuild/win32-arm64@0.16.4":
  version "0.16.4"
  resolved "https://registry.yarnpkg.com/@esbuild/win32-arm64/-/win32-arm64-0.16.4.tgz#d1c93b20f17355ab2221cd18e13ae2f1b68013e3"
  integrity sha512-yYiRDQcqLYQSvNQcBKN7XogbrSvBE45FEQdH8fuXPl7cngzkCvpsG2H9Uey39IjQ6gqqc+Q4VXYHsQcKW0OMjQ==

"@esbuild/win32-ia32@0.16.4":
  version "0.16.4"
  resolved "https://registry.yarnpkg.com/@esbuild/win32-ia32/-/win32-ia32-0.16.4.tgz#df5910e76660e0acbbdceb8d4ae6bf1efeade6ae"
  integrity sha512-5rabnGIqexekYkh9zXG5waotq8mrdlRoBqAktjx2W3kb0zsI83mdCwrcAeKYirnUaTGztR5TxXcXmQrEzny83w==

"@esbuild/win32-x64@0.16.4":
  version "0.16.4"
  resolved "https://registry.yarnpkg.com/@esbuild/win32-x64/-/win32-x64-0.16.4.tgz#6ec594468610c176933da1387c609558371d37e0"
  integrity sha512-sN/I8FMPtmtT2Yw+Dly8Ur5vQ5a/RmC8hW7jO9PtPSQUPkowxWpcUZnqOggU7VwyT3Xkj6vcXWd3V/qTXwultQ==

"@jridgewell/gen-mapping@^0.3.0":
  version "0.3.2"
  resolved "https://registry.yarnpkg.com/@jridgewell/gen-mapping/-/gen-mapping-0.3.2.tgz#c1aedc61e853f2bb9f5dfe6d4442d3b565b253b9"
  integrity sha512-mh65xKQAzI6iBcFzwv28KVWSmCkdRBWoOh+bYQGW3+6OZvbbN3TqMGo5hqYxQniRcH9F2VZIoJCm4pa3BPDK/A==
  dependencies:
    "@jridgewell/set-array" "^1.0.1"
    "@jridgewell/sourcemap-codec" "^1.4.10"
    "@jridgewell/trace-mapping" "^0.3.9"

"@jridgewell/resolve-uri@3.1.0":
  version "3.1.0"
  resolved "https://registry.yarnpkg.com/@jridgewell/resolve-uri/-/resolve-uri-3.1.0.tgz#2203b118c157721addfe69d47b70465463066d78"
  integrity sha512-F2msla3tad+Mfht5cJq7LSXcdudKTWCVYUgw6pLFOOHSTtZlj6SWNYAp+AhuqLmWdBO2X5hPrLcu8cVP8fy28w==

"@jridgewell/set-array@^1.0.1":
  version "1.1.2"
  resolved "https://registry.yarnpkg.com/@jridgewell/set-array/-/set-array-1.1.2.tgz#7c6cf998d6d20b914c0a55a91ae928ff25965e72"
  integrity sha512-xnkseuNADM0gt2bs+BvhO0p78Mk762YnZdsuzFV018NoG1Sj1SCQvpSqa7XUaTam5vAGasABV9qXASMKnFMwMw==

"@jridgewell/source-map@^0.3.2":
  version "0.3.2"
  resolved "https://registry.yarnpkg.com/@jridgewell/source-map/-/source-map-0.3.2.tgz#f45351aaed4527a298512ec72f81040c998580fb"
  integrity sha512-m7O9o2uR8k2ObDysZYzdfhb08VuEml5oWGiosa1VdaPZ/A6QyPkAJuwN0Q1lhULOf6B7MtQmHENS743hWtCrgw==
  dependencies:
    "@jridgewell/gen-mapping" "^0.3.0"
    "@jridgewell/trace-mapping" "^0.3.9"

"@jridgewell/sourcemap-codec@1.4.14", "@jridgewell/sourcemap-codec@^1.4.10":
  version "1.4.14"
  resolved "https://registry.yarnpkg.com/@jridgewell/sourcemap-codec/-/sourcemap-codec-1.4.14.tgz#add4c98d341472a289190b424efbdb096991bb24"
  integrity sha512-XPSJHWmi394fuUuzDnGz1wiKqWfo1yXecHQMRf2l6hztTO+nPru658AyDngaBe7isIxEkRsPR3FZh+s7iVa4Uw==

"@jridgewell/trace-mapping@^0.3.9":
  version "0.3.17"
  resolved "https://registry.yarnpkg.com/@jridgewell/trace-mapping/-/trace-mapping-0.3.17.tgz#793041277af9073b0951a7fe0f0d8c4c98c36985"
  integrity sha512-MCNzAp77qzKca9+W/+I0+sEpaUnZoeasnghNeVc41VZCEKaCH73Vq3BZZ/SzWIgrqE4H4ceI+p+b6C0mHf9T4g==
  dependencies:
    "@jridgewell/resolve-uri" "3.1.0"
    "@jridgewell/sourcemap-codec" "1.4.14"

"@nodelib/fs.scandir@2.1.5":
  version "2.1.5"
  resolved "https://registry.yarnpkg.com/@nodelib/fs.scandir/-/fs.scandir-2.1.5.tgz#7619c2eb21b25483f6d167548b4cfd5a7488c3d5"
  integrity sha512-vq24Bq3ym5HEQm2NKCr3yXDwjc7vTsEThRDnkp2DK9p1uqLR+DHurm/NOTo0KG7HYHU7eppKZj3MyqYuMBf62g==
  dependencies:
    "@nodelib/fs.stat" "2.0.5"
    run-parallel "^1.1.9"

"@nodelib/fs.stat@2.0.5", "@nodelib/fs.stat@^2.0.2":
  version "2.0.5"
  resolved "https://registry.yarnpkg.com/@nodelib/fs.stat/-/fs.stat-2.0.5.tgz#5bd262af94e9d25bd1e71b05deed44876a222e8b"
  integrity sha512-RkhPPp2zrqDAQA/2jNhnztcPAlv64XdhIp7a7454A5ovI7Bukxgt7MX7udwAu3zg1DcpPU0rz3VV1SeaqvY4+A==

"@nodelib/fs.walk@^1.2.3":
  version "1.2.8"
  resolved "https://registry.yarnpkg.com/@nodelib/fs.walk/-/fs.walk-1.2.8.tgz#e95737e8bb6746ddedf69c556953494f196fe69a"
  integrity sha512-oGB+UxlgWcgQkgwo8GcEGwemoTFt3FIO9ababBmaGwXIoBKZ+GTy0pP185beGg7Llih/NSHSV2XAs1lnznocSg==
  dependencies:
    "@nodelib/fs.scandir" "2.1.5"
    fastq "^1.6.0"

"@rometools/cli-darwin-arm64@11.0.0":
  version "11.0.0"
  resolved "https://registry.yarnpkg.com/@rometools/cli-darwin-arm64/-/cli-darwin-arm64-11.0.0.tgz#8f916df0580fede2325434a50ed5b1f2cf972696"
  integrity sha512-F3vkdY+s3FLIEnAjSbyHTuIPB88cLpccimW4ecid5I7S6GzGG3iUJI4xT00JhH73K4P/qW20/9r+kH1T9Du8Xg==

"@rometools/cli-darwin-x64@11.0.0":
  version "11.0.0"
  resolved "https://registry.yarnpkg.com/@rometools/cli-darwin-x64/-/cli-darwin-x64-11.0.0.tgz#1393a5bba26e8c5352737270a1a98f2759f40d14"
  integrity sha512-X6jhtS6Iml4GOzgNtnLwIp/KXXhSdqeVyfv69m/AHnIzx3gQAjPZ7BPnJLvTCbhe4SKHL+uTZYFSCJpkUUKE6w==

"@rometools/cli-linux-arm64@11.0.0":
  version "11.0.0"
  resolved "https://registry.yarnpkg.com/@rometools/cli-linux-arm64/-/cli-linux-arm64-11.0.0.tgz#efbfd36013455fc5d940b24b1b195a43aba87bcb"
  integrity sha512-dktTJJlTpmycBZ2TwhJBcAO8ztK8DdevdyZnFFxdYRvtmJgTjIsC2UFayf/SbKew8B8q1IhI0it+D6ihAeIpeg==

"@rometools/cli-linux-x64@11.0.0":
  version "11.0.0"
  resolved "https://registry.yarnpkg.com/@rometools/cli-linux-x64/-/cli-linux-x64-11.0.0.tgz#675532d9f603b88ab0686da800ec711b45d22085"
  integrity sha512-WVcnXPNdWGUWo0p4NU8YzuthjYR7q+b4vRcjdxtP1DlpphZmSsoC/RSE85nEqRAz8hChcKUansVzOPM8BSsuGA==

"@rometools/cli-win32-arm64@11.0.0":
  version "11.0.0"
  resolved "https://registry.yarnpkg.com/@rometools/cli-win32-arm64/-/cli-win32-arm64-11.0.0.tgz#4d50f446acf2bc126cb58b5cff5a4d53b7c6a378"
  integrity sha512-tPj6RThQzS7Q45jqQll7NlTYvNcsg/BEP3LYiiazqSh9FAFnMkrV6ewUcMPKWyAfiyLs7jlz4rRvdNRUSygzfQ==

"@rometools/cli-win32-x64@11.0.0":
  version "11.0.0"
  resolved "https://registry.yarnpkg.com/@rometools/cli-win32-x64/-/cli-win32-x64-11.0.0.tgz#c6d48db5ea52b393dae7fe04bfe803ad8cee71a5"
  integrity sha512-bmBai8WHxYjsGk1+je7ZTfCUCWq30WJI3pQM8pzTA674lfGTZ9ymJoZwTaIMSO4rL5V9mlO6uLunsBKso9VqOg==

"@swc/cli@^0.1.26":
  version "0.1.57"
  resolved "https://registry.yarnpkg.com/@swc/cli/-/cli-0.1.57.tgz#a9c424de5a217ec20a4b7c2c0e5c343980537e83"
  integrity sha512-HxM8TqYHhAg+zp7+RdTU69bnkl4MWdt1ygyp6BDIPjTiaJVH6Dizn2ezbgDS8mnFZI1FyhKvxU/bbaUs8XhzQg==
  dependencies:
    commander "^7.1.0"
    fast-glob "^3.2.5"
    slash "3.0.0"
    source-map "^0.7.3"

"@swc/core-darwin-arm64@1.3.22":
  version "1.3.22"
  resolved "https://registry.yarnpkg.com/@swc/core-darwin-arm64/-/core-darwin-arm64-1.3.22.tgz#296db00b567d7fab0fc438eccc7334b53d54e2f2"
  integrity sha512-MMhtPsuXp8gpUgr9bs+RZQ2IyFGiUNDG93usCDAFgAF+6VVp+YaAVjET/3/Bx5Lk2WAt0RxT62C9KTEw1YMo3w==

"@swc/core-darwin-x64@1.3.22":
  version "1.3.22"
  resolved "https://registry.yarnpkg.com/@swc/core-darwin-x64/-/core-darwin-x64-1.3.22.tgz#3922972fccaa8c42e5bb1ec3f784e88b884bc3c7"
  integrity sha512-SG6QbNat4GZ5VJU3Zo6a54oQOtbhJVE6BCQw4JjOCZJmAeBzNebGy9wsT4+fCJNHC3C5qtaRw7ToXJvLniXwfg==

"@swc/core-linux-arm-gnueabihf@1.3.22":
  version "1.3.22"
  resolved "https://registry.yarnpkg.com/@swc/core-linux-arm-gnueabihf/-/core-linux-arm-gnueabihf-1.3.22.tgz#5484415986e6c498f295b73c0d9dffb777237ca6"
  integrity sha512-4E+TdQT1oHnHjDaPs/DyrRy9lOuFd6ncEd67yYA4j9lFqt6nuz/jnXss45k8KU7wR5kOTtdW73xPwkU4NbOWdw==

"@swc/core-linux-arm64-gnu@1.3.22":
  version "1.3.22"
  resolved "https://registry.yarnpkg.com/@swc/core-linux-arm64-gnu/-/core-linux-arm64-gnu-1.3.22.tgz#951406151966225e4082cc643aa202f18f6d0bcf"
  integrity sha512-6VcynOMbOBcbLutIPENI3Ejvg5LGz/Pwvzm25hM0FoiEtPxHA+tawQUwLx8Alk1Yr+Rnqid06UEZ0veJOGn2pQ==

"@swc/core-linux-arm64-musl@1.3.22":
  version "1.3.22"
  resolved "https://registry.yarnpkg.com/@swc/core-linux-arm64-musl/-/core-linux-arm64-musl-1.3.22.tgz#1f63fa7e3e61b00f9102e49f60520377491b61d6"
  integrity sha512-86RxGy0L3qa4De3xWHx8vL2caTxvSLSWTlgUW/Yd4l1pvrCFibMjhkImGu5ViKiReX9DlBtJ7CBs4dln2kHidw==

"@swc/core-linux-x64-gnu@1.3.22":
  version "1.3.22"
  resolved "https://registry.yarnpkg.com/@swc/core-linux-x64-gnu/-/core-linux-x64-gnu-1.3.22.tgz#64a38d253c7cdc8944980fa1f8cb3b6fc260afd1"
  integrity sha512-FLkbiqsdXsVIFZi6iedx4rSBGX8x0vo/5aDlklSxJAAYOcQpO0QADKP5Yr65iMT1d6ABCt2d+/StpGLF7GWOcA==

"@swc/core-linux-x64-musl@1.3.22":
  version "1.3.22"
  resolved "https://registry.yarnpkg.com/@swc/core-linux-x64-musl/-/core-linux-x64-musl-1.3.22.tgz#33f6abf28cc26eba1979e488776e006a09285463"
  integrity sha512-giBuw+Z0Bq6fpZ0Y5TcfpcQwf9p/cE1fOQyO/K1XSTn/haQOqFi7421Jq/dFThSARZiXw1u9Om9VFbwxr8VI+A==

"@swc/core-win32-arm64-msvc@1.3.22":
  version "1.3.22"
  resolved "https://registry.yarnpkg.com/@swc/core-win32-arm64-msvc/-/core-win32-arm64-msvc-1.3.22.tgz#4b5a05157d5d442866d543090a52b2a9624766bc"
  integrity sha512-loKGO+ZM2By6VdrmVJk1G79jVgDPaee93qLFuis5KyeoLLb4m1MlNMc/6SIDZUSuYg6NqaGP1spFeiFetMQ4Zg==

"@swc/core-win32-ia32-msvc@1.3.22":
  version "1.3.22"
  resolved "https://registry.yarnpkg.com/@swc/core-win32-ia32-msvc/-/core-win32-ia32-msvc-1.3.22.tgz#ec067667b7a665ef3b4fe97c3aa4c1d15e3a496d"
  integrity sha512-lvNWAZ3QjXMsrsch6oLLQVikT/hC/4ZcLrTBXa14HwQylaYigkGElgp3ekJr78HjWDPwB46GXwBbNMG0VNAfvA==

"@swc/core-win32-x64-msvc@1.3.22":
  version "1.3.22"
  resolved "https://registry.yarnpkg.com/@swc/core-win32-x64-msvc/-/core-win32-x64-msvc-1.3.22.tgz#fb820b1aa03605363d141c9656d966a25000790f"
  integrity sha512-ESyn4lZXAKEE3mcTaDfXatsolCiEfVGstsXdgBmZYa6o1IE1bDW8FE7Ob/Y+82WTpm9+A9ZYXYjZ62t67POHZg==

"@swc/core@^1.2.12":
  version "1.3.22"
  resolved "https://registry.yarnpkg.com/@swc/core/-/core-1.3.22.tgz#2b631f7b54d6e11eb2e8ae505bca1dbbc6fb7160"
  integrity sha512-oQ9EPEb7NgWcGIDoVfLCuffvtC4MzVtrwjqwKzFHP8FUh1fn8+2wraOjkkDXW74BB4Hgve5ykkaHix9bebB9Ww==
  optionalDependencies:
    "@swc/core-darwin-arm64" "1.3.22"
    "@swc/core-darwin-x64" "1.3.22"
    "@swc/core-linux-arm-gnueabihf" "1.3.22"
    "@swc/core-linux-arm64-gnu" "1.3.22"
    "@swc/core-linux-arm64-musl" "1.3.22"
    "@swc/core-linux-x64-gnu" "1.3.22"
    "@swc/core-linux-x64-musl" "1.3.22"
    "@swc/core-win32-arm64-msvc" "1.3.22"
    "@swc/core-win32-ia32-msvc" "1.3.22"
    "@swc/core-win32-x64-msvc" "1.3.22"

"@types/body-parser@*":
  version "1.19.2"
  resolved "https://registry.yarnpkg.com/@types/body-parser/-/body-parser-1.19.2.tgz#aea2059e28b7658639081347ac4fab3de166e6f0"
  integrity sha512-ALYone6pm6QmwZoAgeyNksccT9Q4AWZQ6PvfwR37GT6r6FWUPguq6sUmNGSMV2Wr761oQoBxwGGa6DR5o1DC9g==
  dependencies:
    "@types/connect" "*"
    "@types/node" "*"

"@types/connect@*":
  version "3.4.35"
  resolved "https://registry.yarnpkg.com/@types/connect/-/connect-3.4.35.tgz#5fcf6ae445e4021d1fc2219a4873cc73a3bb2ad1"
  integrity sha512-cdeYyv4KWoEgpBISTxWvqYsVy444DOqehiF3fM3ne10AmJ62RSyNkUnxMJXHQWRQQX2eR94m5y1IZyDwBjV9FQ==
  dependencies:
    "@types/node" "*"

"@types/express-serve-static-core@^4.17.18":
  version "4.17.31"
  resolved "https://registry.yarnpkg.com/@types/express-serve-static-core/-/express-serve-static-core-4.17.31.tgz#a1139efeab4e7323834bb0226e62ac019f474b2f"
  integrity sha512-DxMhY+NAsTwMMFHBTtJFNp5qiHKJ7TeqOo23zVEM9alT1Ml27Q3xcTH0xwxn7Q0BbMcVEJOs/7aQtUWupUQN3Q==
  dependencies:
    "@types/node" "*"
    "@types/qs" "*"
    "@types/range-parser" "*"

"@types/express@^4.17.14":
  version "4.17.14"
  resolved "https://registry.yarnpkg.com/@types/express/-/express-4.17.14.tgz#143ea0557249bc1b3b54f15db4c81c3d4eb3569c"
  integrity sha512-TEbt+vaPFQ+xpxFLFssxUDXj5cWCxZJjIcB7Yg0k0GMHGtgtQgpvx/MUQUeAkNbA9AAGrwkAsoeItdTgS7FMyg==
  dependencies:
    "@types/body-parser" "*"
    "@types/express-serve-static-core" "^4.17.18"
    "@types/qs" "*"
    "@types/serve-static" "*"

"@types/mime@*":
  version "3.0.1"
  resolved "https://registry.yarnpkg.com/@types/mime/-/mime-3.0.1.tgz#5f8f2bca0a5863cb69bc0b0acd88c96cb1d4ae10"
  integrity sha512-Y4XFY5VJAuw0FgAqPNd6NNoV44jbq9Bz2L7Rh/J6jLTiHBSBJa9fxqQIvkIld4GsoDOcCbvzOUAbLPsSKKg+uA==

"@types/node-fetch@^2.6.2":
  version "2.6.2"
  resolved "https://registry.yarnpkg.com/@types/node-fetch/-/node-fetch-2.6.2.tgz#d1a9c5fd049d9415dce61571557104dec3ec81da"
  integrity sha512-DHqhlq5jeESLy19TYhLakJ07kNumXWjcDdxXsLUMJZ6ue8VZJj4kLPQVE/2mdHh3xZziNF1xppu5lwmS53HR+A==
  dependencies:
    "@types/node" "*"
    form-data "^3.0.0"

"@types/node@*", "@types/node@^18.11.12":
  version "18.11.12"
  resolved "https://registry.yarnpkg.com/@types/node/-/node-18.11.12.tgz#89e7f8aa8c88abf432f9bd594888144d7dba10aa"
  integrity sha512-FgD3NtTAKvyMmD44T07zz2fEf+OKwutgBCEVM8GcvMGVGaDktiLNTDvPwC/LUe3PinMW+X6CuLOF2Ui1mAlSXg==

"@types/qs@*":
  version "6.9.7"
  resolved "https://registry.yarnpkg.com/@types/qs/-/qs-6.9.7.tgz#63bb7d067db107cc1e457c303bc25d511febf6cb"
  integrity sha512-FGa1F62FT09qcrueBA6qYTrJPVDzah9a+493+o2PCXsesWHIn27G98TsSMs3WPNbZIEj4+VJf6saSFpvD+3Zsw==

"@types/range-parser@*":
  version "1.2.4"
  resolved "https://registry.yarnpkg.com/@types/range-parser/-/range-parser-1.2.4.tgz#cd667bcfdd025213aafb7ca5915a932590acdcdc"
  integrity sha512-EEhsLsD6UsDM1yFhAvy0Cjr6VwmpMWqFBCb9w07wVugF7w9nfajxLuVmngTIpgS6svCnm6Vaw+MZhoDCKnOfsw==

"@types/serve-static@*":
  version "1.15.0"
  resolved "https://registry.yarnpkg.com/@types/serve-static/-/serve-static-1.15.0.tgz#c7930ff61afb334e121a9da780aac0d9b8f34155"
  integrity sha512-z5xyF6uh8CbjAu9760KDKsH2FcDxZ2tFCsA4HIMWE6IkiYMXfVoa+4f9KX+FN0ZLsaMw1WNG2ETLA6N+/YA+cg==
  dependencies:
    "@types/mime" "*"
    "@types/node" "*"

acorn@^8.5.0:
  version "8.8.1"
  resolved "https://registry.yarnpkg.com/acorn/-/acorn-8.8.1.tgz#0a3f9cbecc4ec3bea6f0a80b66ae8dd2da250b73"
  integrity sha512-7zFpHzhnqYKrkYdUjF1HI1bzd0VygEGX8lFk4k5zVMqHEoES+P+7TKI+EvLO9WVMJ8eekdO0aDEK044xTXwPPA==

asynckit@^0.4.0:
  version "0.4.0"
  resolved "https://registry.yarnpkg.com/asynckit/-/asynckit-0.4.0.tgz#c79ed97f7f34cb8f2ba1bc9790bcc366474b4b79"
  integrity sha512-Oei9OH4tRh0YqU3GxhX79dM/mwVgvbZJaSNaRk+bshkj0S5cfHcgYakreBjrHwatXKbz+IoIdYLxrKim2MjW0Q==

braces@^3.0.2:
  version "3.0.2"
  resolved "https://registry.yarnpkg.com/braces/-/braces-3.0.2.tgz#3454e1a462ee8d599e236df336cd9ea4f8afe107"
  integrity sha512-b8um+L1RzM3WDSzvhm6gIz1yfTbBt6YTlcEKAvsmqCZZFw46z626lVj9j1yEPW33H5H+lBQpZMP1k8l+78Ha0A==
  dependencies:
    fill-range "^7.0.1"

buffer-from@^1.0.0:
  version "1.1.2"
  resolved "https://registry.yarnpkg.com/buffer-from/-/buffer-from-1.1.2.tgz#2b146a6fd72e80b4f55d255f35ed59a3a9a41bd5"
  integrity sha512-E+XQCRwSbaaiChtv6k6Dwgc+bx+Bs6vuKJHHl5kox/BaKbhiXzqQOwK4cO22yElGp2OCmjwVhT3HmxgyPGnJfQ==

combined-stream@^1.0.8:
  version "1.0.8"
  resolved "https://registry.yarnpkg.com/combined-stream/-/combined-stream-1.0.8.tgz#c3d45a8b34fd730631a110a8a2520682b31d5a7f"
  integrity sha512-FQN4MRfuJeHf7cBbBMJFXhKSDq+2kAArBlmRBvcvFE5BB1HZKXtSFASDhdlz9zOYwxh8lDdnvmMOe/+5cdoEdg==
  dependencies:
    delayed-stream "~1.0.0"

commander@^2.20.0:
  version "2.20.3"
  resolved "https://registry.yarnpkg.com/commander/-/commander-2.20.3.tgz#fd485e84c03eb4881c20722ba48035e8531aeb33"
  integrity sha512-GpVkmM8vF2vQUkj2LvZmD35JxeJOLCwJ9cUkugyk2nuhbv3+mJvpLYYt+0+USMxE+oj+ey/lJEnhZw75x/OMcQ==

commander@^7.1.0:
  version "7.2.0"
  resolved "https://registry.yarnpkg.com/commander/-/commander-7.2.0.tgz#a36cb57d0b501ce108e4d20559a150a391d97ab7"
  integrity sha512-QrWXB+ZQSVPmIWIhtEO9H+gwHaMGYiF5ChvoJ+K9ZGHG/sVsa6yiesAD1GC/x46sET00Xlwo1u49RVVVzvcSkw==

delayed-stream@~1.0.0:
  version "1.0.0"
  resolved "https://registry.yarnpkg.com/delayed-stream/-/delayed-stream-1.0.0.tgz#df3ae199acadfb7d440aaae0b29e2272b24ec619"
  integrity sha512-ZySD7Nf91aLB0RxL4KGrKHBXl7Eds1DAmEdcoVawXnLD7SDhpNgtuII2aAkg7a7QS41jxPSZ17p4VdGnMHk3MQ==

esbuild@^0.16.3:
  version "0.16.4"
  resolved "https://registry.yarnpkg.com/esbuild/-/esbuild-0.16.4.tgz#06c86298d233386f5e41bcc14d36086daf3f40bd"
  integrity sha512-qQrPMQpPTWf8jHugLWHoGqZjApyx3OEm76dlTXobHwh/EBbavbRdjXdYi/GWr43GyN0sfpap14GPkb05NH3ROA==
  optionalDependencies:
    "@esbuild/android-arm" "0.16.4"
    "@esbuild/android-arm64" "0.16.4"
    "@esbuild/android-x64" "0.16.4"
    "@esbuild/darwin-arm64" "0.16.4"
    "@esbuild/darwin-x64" "0.16.4"
    "@esbuild/freebsd-arm64" "0.16.4"
    "@esbuild/freebsd-x64" "0.16.4"
    "@esbuild/linux-arm" "0.16.4"
    "@esbuild/linux-arm64" "0.16.4"
    "@esbuild/linux-ia32" "0.16.4"
    "@esbuild/linux-loong64" "0.16.4"
    "@esbuild/linux-mips64el" "0.16.4"
    "@esbuild/linux-ppc64" "0.16.4"
    "@esbuild/linux-riscv64" "0.16.4"
    "@esbuild/linux-s390x" "0.16.4"
    "@esbuild/linux-x64" "0.16.4"
    "@esbuild/netbsd-x64" "0.16.4"
    "@esbuild/openbsd-x64" "0.16.4"
    "@esbuild/sunos-x64" "0.16.4"
    "@esbuild/win32-arm64" "0.16.4"
    "@esbuild/win32-ia32" "0.16.4"
    "@esbuild/win32-x64" "0.16.4"

fast-glob@^3.2.5:
  version "3.2.12"
  resolved "https://registry.yarnpkg.com/fast-glob/-/fast-glob-3.2.12.tgz#7f39ec99c2e6ab030337142da9e0c18f37afae80"
  integrity sha512-DVj4CQIYYow0BlaelwK1pHl5n5cRSJfM60UA0zK891sVInoPri2Ekj7+e1CT3/3qxXenpI+nBBmQAcJPJgaj4w==
  dependencies:
    "@nodelib/fs.stat" "^2.0.2"
    "@nodelib/fs.walk" "^1.2.3"
    glob-parent "^5.1.2"
    merge2 "^1.3.0"
    micromatch "^4.0.4"

fastq@^1.6.0:
  version "1.14.0"
  resolved "https://registry.yarnpkg.com/fastq/-/fastq-1.14.0.tgz#107f69d7295b11e0fccc264e1fc6389f623731ce"
  integrity sha512-eR2D+V9/ExcbF9ls441yIuN6TI2ED1Y2ZcA5BmMtJsOkWOFRJQ0Jt0g1UwqXJJVAb+V+umH5Dfr8oh4EVP7VVg==
  dependencies:
    reusify "^1.0.4"

fill-range@^7.0.1:
  version "7.0.1"
  resolved "https://registry.yarnpkg.com/fill-range/-/fill-range-7.0.1.tgz#1919a6a7c75fe38b2c7c77e5198535da9acdda40"
  integrity sha512-qOo9F+dMUmC2Lcb4BbVvnKJxTPjCm+RRpe4gDuGrzkL7mEVl/djYSu2OdQ2Pa302N4oqkSg9ir6jaLWJ2USVpQ==
  dependencies:
    to-regex-range "^5.0.1"

form-data@^3.0.0:
  version "3.0.1"
  resolved "https://registry.yarnpkg.com/form-data/-/form-data-3.0.1.tgz#ebd53791b78356a99af9a300d4282c4d5eb9755f"
  integrity sha512-RHkBKtLWUVwd7SqRIvCZMEvAMoGUp0XU+seQiZejj0COz3RI3hWP4sCv3gZWWLjJTd7rGwcsF5eKZGii0r/hbg==
  dependencies:
    asynckit "^0.4.0"
    combined-stream "^1.0.8"
    mime-types "^2.1.12"

fsevents@~2.3.2:
  version "2.3.2"
  resolved "https://registry.yarnpkg.com/fsevents/-/fsevents-2.3.2.tgz#8a526f78b8fdf4623b709e0b975c52c24c02fd1a"
  integrity sha512-xiqMQR4xAeHTuB9uWm+fFRcIOgKBMiOBP+eXiyT7jsgVCq1bkVygt00oASowB7EdtpOHaaPgKt812P9ab+DDKA==

function-bind@^1.1.1:
  version "1.1.1"
  resolved "https://registry.yarnpkg.com/function-bind/-/function-bind-1.1.1.tgz#a56899d3ea3c9bab874bb9773b7c5ede92f4895d"
  integrity sha512-yIovAzMX49sF8Yl58fSCWJ5svSLuaibPxXQJFLmBObTuCr0Mf1KiPopGM9NiFjiYBCbfaa2Fh6breQ6ANVTI0A==

glob-parent@^5.1.2:
  version "5.1.2"
  resolved "https://registry.yarnpkg.com/glob-parent/-/glob-parent-5.1.2.tgz#869832c58034fe68a4093c17dc15e8340d8401c4"
  integrity sha512-AOIgSQCepiJYwP3ARnGx+5VnTu2HBYdzbGP45eLw1vr3zB3vZLeyed1sC9hnbcOc9/SrMyM5RPQrkGz4aS9Zow==
  dependencies:
    is-glob "^4.0.1"

has@^1.0.3:
  version "1.0.3"
  resolved "https://registry.yarnpkg.com/has/-/has-1.0.3.tgz#722d7cbfc1f6aa8241f16dd814e011e1f41e8796"
  integrity sha512-f2dvO0VU6Oej7RkWJGrehjbzMAjFp5/VKPp5tTpWIV4JHHZK1/BxbFRtf/siA2SWTe09caDmVtYYzWEIbBS4zw==
  dependencies:
    function-bind "^1.1.1"

is-core-module@^2.9.0:
  version "2.11.0"
  resolved "https://registry.yarnpkg.com/is-core-module/-/is-core-module-2.11.0.tgz#ad4cb3e3863e814523c96f3f58d26cc570ff0144"
  integrity sha512-RRjxlvLDkD1YJwDbroBHMb+cukurkDWNyHx7D3oNB5x9rb5ogcksMC5wHCadcXoo67gVr/+3GFySh3134zi6rw==
  dependencies:
    has "^1.0.3"

is-extglob@^2.1.1:
  version "2.1.1"
  resolved "https://registry.yarnpkg.com/is-extglob/-/is-extglob-2.1.1.tgz#a88c02535791f02ed37c76a1b9ea9773c833f8c2"
  integrity sha512-SbKbANkN603Vi4jEZv49LeVJMn4yGwsbzZworEoyEiutsN3nJYdbO36zfhGJ6QEDpOZIFkDtnq5JRxmvl3jsoQ==

is-glob@^4.0.1:
  version "4.0.3"
  resolved "https://registry.yarnpkg.com/is-glob/-/is-glob-4.0.3.tgz#64f61e42cbbb2eec2071a9dac0b28ba1e65d5084"
  integrity sha512-xelSayHH36ZgE7ZWhli7pW34hNbNl8Ojv5KVmkJD4hBdD3th8Tfk9vYasLM+mXWOZhFkgZfxhLSnrwRr4elSSg==
  dependencies:
    is-extglob "^2.1.1"

is-number@^7.0.0:
  version "7.0.0"
  resolved "https://registry.yarnpkg.com/is-number/-/is-number-7.0.0.tgz#7535345b896734d5f80c4d06c50955527a14f12b"
  integrity sha512-41Cifkg6e8TylSpdtTpeLVMqvSBEVzTttHvERD741+pnZ8ANv0004MRL43QKPDlK9cGvNp6NZWZUBlbGXYxxng==

merge2@^1.3.0:
  version "1.4.1"
  resolved "https://registry.yarnpkg.com/merge2/-/merge2-1.4.1.tgz#4368892f885e907455a6fd7dc55c0c9d404990ae"
  integrity sha512-8q7VEgMJW4J8tcfVPy8g09NcQwZdbwFEqhe/WZkoIzjn/3TGDwtOCYtXGxA3O8tPzpczCCDgv+P2P5y00ZJOOg==

micromatch@^4.0.4:
  version "4.0.5"
  resolved "https://registry.yarnpkg.com/micromatch/-/micromatch-4.0.5.tgz#bc8999a7cbbf77cdc89f132f6e467051b49090c6"
  integrity sha512-DMy+ERcEW2q8Z2Po+WNXuw3c5YaUSFjAO5GsJqfEl7UjvtIuFKO6ZrKvcItdy98dwFI2N1tg3zNIdKaQT+aNdA==
  dependencies:
    braces "^3.0.2"
    picomatch "^2.3.1"

mime-db@1.52.0:
  version "1.52.0"
  resolved "https://registry.yarnpkg.com/mime-db/-/mime-db-1.52.0.tgz#bbabcdc02859f4987301c856e3387ce5ec43bf70"
  integrity sha512-sPU4uV7dYlvtWJxwwxHD0PuihVNiE7TyAbQ5SWxDCB9mUYvOgroQOwYQQOKPJ8CIbE+1ETVlOoK1UC2nU3gYvg==

mime-types@^2.1.12:
  version "2.1.35"
  resolved "https://registry.yarnpkg.com/mime-types/-/mime-types-2.1.35.tgz#381a871b62a734450660ae3deee44813f70d959a"
  integrity sha512-ZDY+bPm5zTTF+YpCrAU9nK0UgICYPT0QtT1NZWFv4s++TNkcgVaT0g6+4R2uI4MjQjzysHB1zxuWL50hzaeXiw==
  dependencies:
    mime-db "1.52.0"

nanoid@^3.3.4:
  version "3.3.4"
  resolved "https://registry.yarnpkg.com/nanoid/-/nanoid-3.3.4.tgz#730b67e3cd09e2deacf03c027c81c9d9dbc5e8ab"
  integrity sha512-MqBkQh/OHTS2egovRtLk45wEyNXwF+cokD+1YPf9u5VfJiRdAiRwB2froX5Co9Rh20xs4siNPm8naNotSD6RBw==

node-fetch@^2.0.0:
  version "2.6.7"
  resolved "https://registry.yarnpkg.com/node-fetch/-/node-fetch-2.6.7.tgz#24de9fba827e3b4ae44dc8b20256a379160052ad"
  integrity sha512-ZjMPFEfVx5j+y2yF35Kzx5sF7kDzxuDj6ziH4FFbOp87zKDZNx8yExJIb05OGF4Nlt9IHFIMBkRl41VdvcNdbQ==
  dependencies:
    whatwg-url "^5.0.0"

path-parse@^1.0.7:
  version "1.0.7"
  resolved "https://registry.yarnpkg.com/path-parse/-/path-parse-1.0.7.tgz#fbc114b60ca42b30d9daf5858e4bd68bbedb6735"
  integrity sha512-LDJzPVEEEPR+y48z93A0Ed0yXb8pAByGWo/k5YYdYgpY2/2EsOsksJrq7lOHxryrVOn1ejG6oAp8ahvOIQD8sw==

picocolors@^1.0.0:
  version "1.0.0"
  resolved "https://registry.yarnpkg.com/picocolors/-/picocolors-1.0.0.tgz#cb5bdc74ff3f51892236eaf79d68bc44564ab81c"
  integrity sha512-1fygroTLlHu66zi26VoTDv8yRgm0Fccecssto+MhsZ0D/DGW2sm8E8AjW7NU5VVTRt5GxbeZ5qBuJr+HyLYkjQ==

picomatch@^2.3.1:
  version "2.3.1"
  resolved "https://registry.yarnpkg.com/picomatch/-/picomatch-2.3.1.tgz#3ba3833733646d9d3e4995946c1365a67fb07a42"
  integrity sha512-JU3teHTNjmE2VCGFzuY8EXzCDVwEqB2a8fsIvwaStHhAWJEeVd1o1QD80CU6+ZdEXXSLbSsuLwJjkCBWqRQUVA==

postcss@^8.4.19:
  version "8.4.19"
  resolved "https://registry.yarnpkg.com/postcss/-/postcss-8.4.19.tgz#61178e2add236b17351897c8bcc0b4c8ecab56fc"
  integrity sha512-h+pbPsyhlYj6N2ozBmHhHrs9DzGmbaarbLvWipMRO7RLS+v4onj26MPFXA5OBYFxyqYhUJK456SwDcY9H2/zsA==
  dependencies:
    nanoid "^3.3.4"
    picocolors "^1.0.0"
    source-map-js "^1.0.2"

queue-microtask@^1.2.2:
  version "1.2.3"
  resolved "https://registry.yarnpkg.com/queue-microtask/-/queue-microtask-1.2.3.tgz#4929228bbc724dfac43e0efb058caf7b6cfb6243"
  integrity sha512-NuaNSa6flKT5JaSYQzJok04JzTL1CA6aGhv5rfLW3PgqA+M2ChpZQnAC8h8i4ZFkBS8X5RqkDBHA7r4hej3K9A==

resolve@^1.22.1:
  version "1.22.1"
  resolved "https://registry.yarnpkg.com/resolve/-/resolve-1.22.1.tgz#27cb2ebb53f91abb49470a928bba7558066ac177"
  integrity sha512-nBpuuYuY5jFsli/JIs1oldw6fOQCBioohqWZg/2hiaOybXOft4lonv85uDOKXdf8rhyK159cxU5cDcK/NKk8zw==
  dependencies:
    is-core-module "^2.9.0"
    path-parse "^1.0.7"
    supports-preserve-symlinks-flag "^1.0.0"

reusify@^1.0.4:
  version "1.0.4"
  resolved "https://registry.yarnpkg.com/reusify/-/reusify-1.0.4.tgz#90da382b1e126efc02146e90845a88db12925d76"
  integrity sha512-U9nH88a3fc/ekCF1l0/UP1IosiuIjyTh7hBvXVMHYgVcfGvt897Xguj2UOLDeI5BG2m7/uwyaLVT6fbtCwTyzw==

rollup@^3.7.0:
  version "3.7.2"
  resolved "https://registry.yarnpkg.com/rollup/-/rollup-3.7.2.tgz#221d3bb567ec622c5347e6adf689bef9d3715c3f"
  integrity sha512-orqIX5zkHyHKVsIBl8J5a2tnVikOAMte0DgOLViyW6McYuj45FG+cQPrXILhaifBSmy0D0hKbHg2RbgzFJcwTg==
  optionalDependencies:
    fsevents "~2.3.2"

rome@^11.0.0:
  version "11.0.0"
  resolved "https://registry.yarnpkg.com/rome/-/rome-11.0.0.tgz#cd2f00fadfd3611399eba9a2f87612e1f3299a23"
  integrity sha512-rRo6JOwpMLc3OkeTDRXkrmrDqnxDvZ75GS4f0jLDBNmRgDXWbu0F8eVnJoRn+VbK2AE7vWvhVOMBjnWowcopkQ==
  optionalDependencies:
    "@rometools/cli-darwin-arm64" "11.0.0"
    "@rometools/cli-darwin-x64" "11.0.0"
    "@rometools/cli-linux-arm64" "11.0.0"
    "@rometools/cli-linux-x64" "11.0.0"
    "@rometools/cli-win32-arm64" "11.0.0"
    "@rometools/cli-win32-x64" "11.0.0"

run-parallel@^1.1.9:
  version "1.2.0"
  resolved "https://registry.yarnpkg.com/run-parallel/-/run-parallel-1.2.0.tgz#66d1368da7bdf921eb9d95bd1a9229e7f21a43ee"
  integrity sha512-5l4VyZR86LZ/lDxZTR6jqL8AFE2S0IFLMP26AbjsLVADxHdhB/c0GUsH+y39UfCi3dzz8OlQuPmnaJOMoDHQBA==
  dependencies:
    queue-microtask "^1.2.2"

slash@3.0.0:
  version "3.0.0"
  resolved "https://registry.yarnpkg.com/slash/-/slash-3.0.0.tgz#6539be870c165adbd5240220dbe361f1bc4d4634"
  integrity sha512-g9Q1haeby36OSStwb4ntCGGGaKsaVSjQ68fBxoQcutl5fS1vuY18H3wSt3jFyFtrkx+Kz0V1G85A4MyAdDMi2Q==

source-map-js@^1.0.2:
  version "1.0.2"
  resolved "https://registry.yarnpkg.com/source-map-js/-/source-map-js-1.0.2.tgz#adbc361d9c62df380125e7f161f71c826f1e490c"
  integrity sha512-R0XvVJ9WusLiqTCEiGCmICCMplcCkIwwR11mOSD9CR5u+IXYdiseeEuXCVAjS54zqwkLcPNnmU4OeJ6tUrWhDw==

source-map-support@~0.5.20:
  version "0.5.21"
  resolved "https://registry.yarnpkg.com/source-map-support/-/source-map-support-0.5.21.tgz#04fe7c7f9e1ed2d662233c28cb2b35b9f63f6e4f"
  integrity sha512-uBHU3L3czsIyYXKX88fdrGovxdSCoTGDRZ6SYXtSRxLZUzHg5P/66Ht6uoUlHu9EZod+inXhKo3qQgwXUT/y1w==
  dependencies:
    buffer-from "^1.0.0"
    source-map "^0.6.0"

source-map@^0.6.0:
  version "0.6.1"
  resolved "https://registry.yarnpkg.com/source-map/-/source-map-0.6.1.tgz#74722af32e9614e9c287a8d0bbde48b5e2f1a263"
  integrity sha512-UjgapumWlbMhkBgzT7Ykc5YXUT46F0iKu8SGXq0bcwP5dz/h0Plj6enJqjz1Zbq2l5WaqYnrVbwWOWMyF3F47g==

source-map@^0.7.3:
  version "0.7.4"
  resolved "https://registry.yarnpkg.com/source-map/-/source-map-0.7.4.tgz#a9bbe705c9d8846f4e08ff6765acf0f1b0898656"
  integrity sha512-l3BikUxvPOcn5E74dZiq5BGsTb5yEwhaTSzccU6t4sDOH8NWJCstKO5QT2CvtFoK6F0saL7p9xHAqHOlCPJygA==

supports-preserve-symlinks-flag@^1.0.0:
  version "1.0.0"
  resolved "https://registry.yarnpkg.com/supports-preserve-symlinks-flag/-/supports-preserve-symlinks-flag-1.0.0.tgz#6eda4bd344a3c94aea376d4cc31bc77311039e09"
  integrity sha512-ot0WnXS9fgdkgIcePe6RHNk1WA8+muPa6cSjeR3V8K27q9BB1rTE3R1p7Hv0z1ZyAc8s6Vvv8DIyWf681MAt0w==

swc@^1.0.11:
  version "1.0.11"
  resolved "https://registry.yarnpkg.com/swc/-/swc-1.0.11.tgz#3603db6d235115b9fc2d1e70aaa48a1034e38754"
  integrity sha512-YbG4eija7g/ajQ0lu4P2WPgKt5zCm743VgKn+buBrXXo1IETftO2r/8VdBPhv8wpTyg3CO+VU1z2wHuL4iohmw==
  dependencies:
    "@swc/cli" "^0.1.26"
    "@swc/core" "^1.2.12"

terser@^5.16.1:
  version "5.16.1"
  resolved "https://registry.yarnpkg.com/terser/-/terser-5.16.1.tgz#5af3bc3d0f24241c7fb2024199d5c461a1075880"
  integrity sha512-xvQfyfA1ayT0qdK47zskQgRZeWLoOQ8JQ6mIgRGVNwZKdQMU+5FkCBjmv4QjcrTzyZquRw2FVtlJSRUmMKQslw==
  dependencies:
    "@jridgewell/source-map" "^0.3.2"
    acorn "^8.5.0"
    commander "^2.20.0"
    source-map-support "~0.5.20"

to-regex-range@^5.0.1:
  version "5.0.1"
  resolved "https://registry.yarnpkg.com/to-regex-range/-/to-regex-range-5.0.1.tgz#1648c44aae7c8d988a326018ed72f5b4dd0392e4"
  integrity sha512-65P7iz6X5yEr1cwcgvQxbbIw7Uk3gOy5dIdtZ4rDveLqhrdJP+Li/Hx6tyK0NEb+2GCyneCMJiGqrADCSNk8sQ==
  dependencies:
    is-number "^7.0.0"

tr46@~0.0.3:
  version "0.0.3"
  resolved "https://registry.yarnpkg.com/tr46/-/tr46-0.0.3.tgz#8184fd347dac9cdc185992f3a6622e14b9d9ab6a"
  integrity sha512-N3WMsuqV66lT30CrXNbEjx4GEwlow3v6rr4mCcv6prnfwhS01rkgyFdjPNBYd9br7LpXV1+Emh01fHnq2Gdgrw==

typescript@^4.9.4:
  version "4.9.4"
  resolved "https://registry.yarnpkg.com/typescript/-/typescript-4.9.4.tgz#a2a3d2756c079abda241d75f149df9d561091e78"
  integrity sha512-Uz+dTXYzxXXbsFpM86Wh3dKCxrQqUcVMxwU54orwlJjOpO3ao8L7j5lH+dWfTwgCwIuM9GQ2kvVotzYJMXTBZg==

vite@^4.0.0:
  version "4.0.0"
  resolved "https://registry.yarnpkg.com/vite/-/vite-4.0.0.tgz#b81b88349a06b2faaa53ae14cf96c942548e3454"
  integrity sha512-ynad+4kYs8Jcnn8J7SacS9vAbk7eMy0xWg6E7bAhS1s79TK+D7tVFGXVZ55S7RNLRROU1rxoKlvZ/qjaB41DGA==
  dependencies:
    esbuild "^0.16.3"
    postcss "^8.4.19"
    resolve "^1.22.1"
    rollup "^3.7.0"
  optionalDependencies:
    fsevents "~2.3.2"

webidl-conversions@^3.0.0:
  version "3.0.1"
  resolved "https://registry.yarnpkg.com/webidl-conversions/-/webidl-conversions-3.0.1.tgz#24534275e2a7bc6be7bc86611cc16ae0a5654871"
  integrity sha512-2JAn3z8AR6rjK8Sm8orRC0h/bcl/DqL7tRPdGZ4I1CjdF+EaMLmYxBHyXuKL849eucPFhvBoxMsflfOb8kxaeQ==

whatwg-url@^5.0.0:
  version "5.0.0"
  resolved "https://registry.yarnpkg.com/whatwg-url/-/whatwg-url-5.0.0.tgz#966454e8765462e37644d3626f6742ce8b70965d"
  integrity sha512-saE57nupxk6v3HY35+jzBwYa0rKSy0XR8JSxZPwgLr7ys0IBzhGviA1/TUGJLmSVqs8pb9AnvICXEuOHLprYTw==
  dependencies:
    tr46 "~0.0.3"
    webidl-conversions "^3.0.0"
